# THIS IS AN AUTOGENERATED FILE. DO NOT EDIT THIS FILE DIRECTLY.
# yarn lockfile v1


create-next-app@^15.0.1:
  version "15.0.1"
  resolved "https://registry.yarnpkg.com/create-next-app/-/create-next-app-15.0.1.tgz#7955c6f91dbc007faa1c7f1a8d921368fef06fcd"
  integrity sha512-ZH9sDsZwb/pZVhHl9xncVDX6t6mEN7PPZUcgOhr/8/skqLXQZkRwcLEsrk7KnRLbx9an/2QEezIIbcsPEtzsCg==
