
Microsoft Visual Studio Solution File, Format Version 12.00
# Visual Studio Version 17
VisualStudioVersion = 17.5.002.0
MinimumVisualStudioVersion = 10.0.40219.1
Project("{9A19103F-16F7-4668-BE54-9A1E7A4F7556}") = "ExemplosFundamentos", "ExemplosFundamentos\ExemplosFundamentos.csproj", "{21E67709-6BB4-4BC7-8DB3-565D89321038}"
EndProject
Project("{9A19103F-16F7-4668-BE54-9A1E7A4F7556}") = "ExemplosFundamentos.Common", "ExemplosFundamentos.Common\ExemplosFundamentos.Common.csproj", "{BB31D4D8-7E83-43D0-AFCA-00A1187FCDBF}"
EndProject
Project("{9A19103F-16F7-4668-BE54-9A1E7A4F7556}") = "ExemplosFundamentos.NET6", "ExemplosFundamentos.NET6\ExemplosFundamentos.NET6.csproj", "{FE5E035F-3C73-45ED-B9DA-4D3A10C30C72}"
EndProject
Global
	GlobalSection(SolutionConfigurationPlatforms) = preSolution
		Debug|Any CPU = Debug|Any CPU
		Release|Any CPU = Release|Any CPU
	EndGlobalSection
	GlobalSection(ProjectConfigurationPlatforms) = postSolution
		{21E67709-6BB4-4BC7-8DB3-565D89321038}.Debug|Any CPU.ActiveCfg = Debug|Any CPU
		{21E67709-6BB4-4BC7-8DB3-565D89321038}.Debug|Any CPU.Build.0 = Debug|Any CPU
		{21E67709-6BB4-4BC7-8DB3-565D89321038}.Release|Any CPU.ActiveCfg = Release|Any CPU
		{21E67709-6BB4-4BC7-8DB3-565D89321038}.Release|Any CPU.Build.0 = Release|Any CPU
		{BB31D4D8-7E83-43D0-AFCA-00A1187FCDBF}.Debug|Any CPU.ActiveCfg = Debug|Any CPU
		{BB31D4D8-7E83-43D0-AFCA-00A1187FCDBF}.Debug|Any CPU.Build.0 = Debug|Any CPU
		{BB31D4D8-7E83-43D0-AFCA-00A1187FCDBF}.Release|Any CPU.ActiveCfg = Release|Any CPU
		{BB31D4D8-7E83-43D0-AFCA-00A1187FCDBF}.Release|Any CPU.Build.0 = Release|Any CPU
		{FE5E035F-3C73-45ED-B9DA-4D3A10C30C72}.Debug|Any CPU.ActiveCfg = Debug|Any CPU
		{FE5E035F-3C73-45ED-B9DA-4D3A10C30C72}.Debug|Any CPU.Build.0 = Debug|Any CPU
		{FE5E035F-3C73-45ED-B9DA-4D3A10C30C72}.Release|Any CPU.ActiveCfg = Release|Any CPU
		{FE5E035F-3C73-45ED-B9DA-4D3A10C30C72}.Release|Any CPU.Build.0 = Release|Any CPU
	EndGlobalSection
	GlobalSection(SolutionProperties) = preSolution
		HideSolutionNode = FALSE
	EndGlobalSection
	GlobalSection(ExtensibilityGlobals) = postSolution
		SolutionGuid = {718C6356-ECCC-4F1F-B57F-601CD78407F4}
	EndGlobalSection
EndGlobal
